github.com/Azure/go-ntlmssp v0.0.0-20221128193559-754e69321358 h1:mFRzDkZVAjdal+s7s0MwaRv9igoPqLRdzOLzw/8Xvq8=
github.com/Azure/go-ntlmssp v0.0.0-20221128193559-754e69321358/go.mod h1:chxPXzSsl7ZWRAuOIE23GDNzjWuZquvFlgA8xmpunjU=
github.com/fsnotify/fsnotify v1.6.0 h1:n+5WquG0fcWoWp6xPWfHdbskMCQaFnG6PfBrh1Ky4HY=
github.com/fsnotify/fsnotify v1.6.0/go.mod h1:sl3t1tCWJFWoRz9R8WJCbQihKKwmorjAbSClcnxKAGw=
github.com/mattn/go-colorable v0.1.1 h1:G1f5SKeVxmagw/IyvzvtZE4Gybcc4Tr1tf7I8z0XgOg=
github.com/mattn/go-isatty v0.0.5 h1:tHXDdz1cpzGaovsTB+TVB8q90WEokoVmfMqoVcrLUgw=
github.com/pschlump/AesCCM v0.0.0-20160925022350-c5df73b5834e h1:v6GZBihaCKW/m/q2pQnv/nBjY/pWK5HJxOKWxgKnNhI=
github.com/pschlump/AesCCM v0.0.0-20160925022350-c5df73b5834e/go.mod h1:FDUhhM5wdTLDY2DWO5fHC1oIRkayYOVwOJaNJyOBrmI=
github.com/pschlump/MiscLib v1.0.3 h1:2F7ZUkWJhBTIM7XaGb8L0bzO1l7jXi/lVFTRWXpElac=
github.com/pschlump/MiscLib v1.0.3/go.mod h1:kNxJuPVgvnv69Yt9Dr6eQgShL4kK7elSA1Nz3/G2eBg=
github.com/pschlump/ansi v1.0.0 h1:9JzB5y2WxE1FP/ZpWN2K9QUhXS4QgMZKc+JIs2qMtf0=
github.com/pschlump/godebug v1.0.4 h1:X37zf4qXgsQhT4mceDet768mAimjxFDpsis7zEl8A80=
github.com/pschlump/json v1.12.0 h1:PjkeVEgEUg+vkHC8CfeXIG4fChev3a7gjl9wYrTnPIE=
github.com/pschlump/json v1.12.0/go.mod h1:MyeKNxcsYS/AaCqIp6DgPdaE/4NVH49OJVCnQsRoevI=
github.com/sunshineplan/cipher v1.0.5 h1:opCKCTVjkdcoIJSCi2yoI0ndmwiyDbcm+5MpyavmnJ0=
github.com/sunshineplan/cipher v1.0.5/go.mod h1:JMP+4CCZT1D7qjZyuiyTe8ZPYaaBMxU9MWrCBKC/QhQ=
github.com/sunshineplan/service v1.0.13 h1:MzfLcr9+EyEsh2hTfBrjNHakGLga27ru49BKd12uz/o=
github.com/sunshineplan/service v1.0.13/go.mod h1:luZzA2SGoyNXBr69FeaV+3wCOgFyy/9w9CQJerYElOs=
github.com/sunshineplan/utils v0.1.43 h1:+IzCXF0qG9iU/HBJsTQERGLciGCJ9d9nYPVSJAVJq3A=
github.com/sunshineplan/utils v0.1.43/go.mod h1:Wx+eubdt52Vl0l7U6gGjtP6VGrA5jqLeqWNDckGXL8I=
golang.org/x/crypto v0.11.0 h1:6Ewdq3tDic1mg5xRO4milcWCfMVQhI4NkqWWvqejpuA=
golang.org/x/crypto v0.11.0/go.mod h1:xgJhtzW8F9jGdVFWZESrid1U1bjeNy4zgy5cRr/CIio=
golang.org/x/net v0.12.0 h1:cfawfvKITfUsFCeJIHJrbSxpeu/E81khclypR0GVT50=
golang.org/x/net v0.12.0/go.mod h1:zEVYFnQC7m/vmpQFELhcD1EWkZlX69l4oqgmer6hfKA=
golang.org/x/sys v0.0.0-20220908164124-27713097b956/go.mod h1:oPkhp1MJrh7nUepCBck5+mAzfO9JrbApNNgaTdGDITg=
golang.org/x/sys v0.10.0 h1:SqMFp9UcQJZa+pmYuAKjd9xq1f0j5rLcDIk0mj4qAsA=
golang.org/x/sys v0.10.0/go.mod h1:oPkhp1MJrh7nUepCBck5+mAzfO9JrbApNNgaTdGDITg=
