github.com/Azure/go-ntlmssp v0.0.0-20221128193559-754e69321358 h1:mFRzDkZVAjdal+s7s0MwaRv9igoPqLRdzOLzw/8Xvq8=
github.com/Azure/go-ntlmssp v0.0.0-20221128193559-754e69321358/go.mod h1:chxPXzSsl7ZWRAuOIE23GDNzjWuZquvFlgA8xmpunjU=
github.com/fsnotify/fsnotify v1.9.0 h1:2Ml+OJNzbYCTzsxtv8vKSFD9PbJjmhYF14k/jKC7S9k=
github.com/fsnotify/fsnotify v1.9.0/go.mod h1:8jBTzvmWwFyi3Pb8djgCCO5IBqzKJ/Jwo8TRcHyHii0=
github.com/sunshineplan/cipher v1.0.8 h1:ej4l3fOANug9kwvMmVXsNaAbZMRtS+xp1Wi4cVNRypI=
github.com/sunshineplan/cipher v1.0.8/go.mod h1:lwKJh5Shs++WVtKHJKYIZFEie78J3rmK0lqzn4Zdpvs=
github.com/sunshineplan/service v1.0.21 h1:UXYaWwLVMeG5cZ40vlxVQLpymuSesCZK8ADn7uvQB2Q=
github.com/sunshineplan/service v1.0.21/go.mod h1:dZtX1ktoLwftAH+p7Pve4xbaQyRuzFq1j8m1HStMsso=
github.com/sunshineplan/utils v0.1.74 h1:Zr5Si2lllOfDbxcSz4GpaSsF24CzlBFNrF/WGMc8lH8=
github.com/sunshineplan/utils v0.1.74/go.mod h1:61jHA9jn2CVlZzt9LbPz+MpOEiR6Jy5SNHHEcc/KQNk=
golang.org/x/crypto v0.37.0 h1:kJNSjF/Xp7kU0iB2Z+9viTPMW4EqqsrywMXLJOOsXSE=
golang.org/x/crypto v0.37.0/go.mod h1:vg+k43peMZ0pUMhYmVAWysMK35e6ioLh3wB8ZCAfbVc=
golang.org/x/net v0.39.0 h1:ZCu7HMWDxpXpaiKdhzIfaltL9Lp31x/3fCP11bc6/fY=
golang.org/x/net v0.39.0/go.mod h1:X7NRbYVEA+ewNkCNyJ513WmMdQ3BineSwVtN2zD/d+E=
golang.org/x/sys v0.32.0 h1:s77OFDvIQeibCmezSnk/q6iAfkdiQaJi4VzroCFrN20=
golang.org/x/sys v0.32.0/go.mod h1:BJP2sWEmIv4KK5OTEluFJCKSidICx8ciO85XgH3Ak8k=
